{
  "version": "5",
  "specifiers": {
    "jsr:@std/async@^1.0.12": "1.0.12",
    "jsr:@std/cli@*": "1.0.17",
    "jsr:@std/fs@^1.0.17": "1.0.17",
    "jsr:@std/path@*": "1.0.9",
    "jsr:@std/path@^1.0.9": "1.0.9",
    "npm:@types/diff-match-patch@^1.0.36": "1.0.36",
    "npm:@types/node@*": "24.1.0",
    "npm:@types/pouchdb@*": "6.4.2",
    "npm:@types/pouchdb@^6.4.2": "6.4.2",
    "npm:chokidar@^3.5.1": "3.6.0",
    "npm:diff-match-patch@^1.0.5": "1.0.5",
    "npm:fflate@~0.8.2": "0.8.2",
    "npm:minimatch@*": "10.0.1",
    "npm:node-fetch-native@^1.6.4": "1.6.7",
    "npm:octagonal-wheels@~0.1.39": "0.1.39",
    "npm:pouchdb-adapter-http@9": "9.0.0",
    "npm:pouchdb-core@9": "9.0.0",
    "npm:pouchdb-errors@9": "9.0.0",
    "npm:pouchdb-find@9": "9.0.0",
    "npm:pouchdb-mapreduce@9": "9.0.0",
    "npm:pouchdb-merge@9": "9.0.0",
    "npm:pouchdb-replication@9": "9.0.0",
    "npm:pouchdb-utils@9": "9.0.0",
    "npm:transform-pouch@2": "2.0.0",
    "npm:xxhash-wasm@^1.0.2": "1.1.0"
  },
  "jsr": {
    "@std/async@1.0.12": {
      "integrity": "d1bfcec459e8012846fe4e38dfc4241ab23240ecda3d8d6dfcf6d81a632e803d"
    },
    "@std/cli@1.0.17": {
      "integrity": "e15b9abe629e17be90cc6216327f03a29eae613365f1353837fa749aad29ce7b"
    },
    "@std/fs@1.0.17": {
      "integrity": "1c00c632677c1158988ef7a004cb16137f870aafdb8163b9dce86ec652f3952b",
      "dependencies": [
        "jsr:@std/path@^1.0.9"
      ]
    },
    "@std/path@1.0.9": {
      "integrity": "260a49f11edd3db93dd38350bf9cd1b4d1366afa98e81b86167b4e3dd750129e"
    }
  },
  "npm": {
    "@types/debug@4.1.12": {
      "integrity": "sha512-vIChWdVG3LG1SMxEvI/AK+FWJthlrqlTu7fbrlywTkkaONwk/UAGaULXRlf8vkzFBLVm0zkMdCquhL5aOjhXPQ==",
      "dependencies": [
        "@types/ms"
      ]
    },
    "@types/diff-match-patch@1.0.36": {
      "integrity": "sha512-xFdR6tkm0MWvBfO8xXCSsinYxHcqkQUlcHeSpMC2ukzOb6lwQAfDmW+Qt0AvlGd8HpsS28qKsB+oPeJn9I39jg=="
    },
    "@types/ms@2.1.0": {
      "integrity": "sha512-GsCCIZDE/p3i96vtEqx+7dBUGXrc7zeSK3wwPHIaRThS+9OhWIXRqzs4d6k1SVU8g91DrNRWxWUGhp5KXQb2VA=="
    },
    "@types/node@24.1.0": {
      "integrity": "sha512-ut5FthK5moxFKH2T1CUOC6ctR67rQRvvHdFLCD2Ql6KXmMuCrjsSsRI9UsLCm9M18BMwClv4pn327UvB7eeO1w==",
      "dependencies": [
        "undici-types"
      ]
    },
    "@types/pouchdb-adapter-cordova-sqlite@1.0.4": {
      "integrity": "sha512-1MGjmAMux3OIyJ+iXfhJ5hNIzS+KjGJ05O3bF5Gen5TiJUFNK1bOp3VVV9SxXgz+hGwnBruBAWdAqhbB6ZHhSA==",
      "dependencies": [
        "@types/pouchdb-core"
      ]
    },
    "@types/pouchdb-adapter-fruitdown@6.1.6": {
      "integrity": "sha512-KaFB29hUI97eTtJI6pjv7EQcqhZ63qHWovKgyiE+HZF5fVmdrBbTmnIrbR87AJXcXKy47+oQFJ7rzxY8TalpLQ==",
      "dependencies": [
        "@types/pouchdb-core"
      ]
    },
    "@types/pouchdb-adapter-http@6.1.6": {
      "integrity": "sha512-DJur1mt07GJXwGb5K+MOILoCOSgoQpsi7hybcTzRLeR3IO8Y8eq7TnhTkftAJdx9VHJGOiOXFjO+8BYM69j5yA==",
      "dependencies": [
        "@types/pouchdb-core"
      ]
    },
    "@types/pouchdb-adapter-idb@6.1.7": {
      "integrity": "sha512-KwjkJ4fTNz5wPXYu20bUoWud7ty0t7tgdo4oc0AJvG+fcURAH7mI7uFmpE4dZIT+hUq5G61xu96AVq9b2q4T3g==",
      "dependencies": [
        "@types/pouchdb-core"
      ]
    },
    "@types/pouchdb-adapter-leveldb@6.1.6": {
      "integrity": "sha512-mqeTpA2Ni2U4FA5ISRESy4WwhfUahXViUa3jQpXGdSpruaeHlhTLzZJPyz7/mGlvdAfAFv9Vd5d6ys3ASmMujw==",
      "dependencies": [
        "@types/pouchdb-core"
      ]
    },
    "@types/pouchdb-adapter-localstorage@6.1.6": {
      "integrity": "sha512-+HQBCpD80XkKJE64r7uLwzkNRgkvMnhDI5rIFLx3USxdrRph/R3awcEubRFndcgtxzcUaL9iYw9KetgFMUqPrg==",
      "dependencies": [
        "@types/pouchdb-core"
      ]
    },
    "@types/pouchdb-adapter-memory@6.1.6": {
      "integrity": "sha512-QCCtW561XuwFACzP/4zYySzs/a4em0EeuQdszen0YOaGV1/fRqJE0dOlmzh8do4sNJomLO6+MFtEzguGljnkgA==",
      "dependencies": [
        "@types/pouchdb-core"
      ]
    },
    "@types/pouchdb-adapter-node-websql@6.1.5": {
      "integrity": "sha512-yi68syUvHs4OM3mzKlh4zfpov64KITIAnxi387zgdby6SEfAJzWPC0dfH77iEVRDGCrKb3cKTNkl/UGHnphaow==",
      "dependencies": [
        "@types/pouchdb-adapter-websql",
        "@types/pouchdb-core"
      ]
    },
    "@types/pouchdb-adapter-websql@6.1.7": {
      "integrity": "sha512-9oNkP5ZCGMkQALO9KmtbHXlkBq8i2hoCEE6/gWzRicAvL1y+WIKjEQiIIEamMhj5u5tARvW3n2/r+JXwLCyYgw==",
      "dependencies": [
        "@types/pouchdb-core"
      ]
    },
    "@types/pouchdb-browser@6.1.5": {
      "integrity": "sha512-f+HjxEjYFpgoYWXnMI9AQZZ+SIG8dBiBPrpfWWGsCl+48rumsP5BuBWHq/aXoB8SRKYO0XdP4TNvMBWM3UATCw==",
      "dependencies": [
        "@types/pouchdb-adapter-http",
        "@types/pouchdb-adapter-idb",
        "@types/pouchdb-adapter-websql",
        "@types/pouchdb-core",
        "@types/pouchdb-mapreduce",
        "@types/pouchdb-replication"
      ]
    },
    "@types/pouchdb-core@7.0.15": {
      "integrity": "sha512-gq1Qbqn9nCaAKRRv6fRHZ4/ER+QYEwSXBZlDQcxwdbPrtZO8EhIn2Bct0AlguaSEdFcABfbaxxyQwFINkNQ9dQ==",
      "dependencies": [
        "@types/debug",
        "@types/pouchdb-find"
      ]
    },
    "@types/pouchdb-find@7.3.3": {
      "integrity": "sha512-U7zXk67s9Ar+9Pwj5kSbuMnn8zif0AOOIPy4KRFeJ/S/Tk+mNS90soj+3OV21H8xyB7WTxjvS1JLablZC6C6ow==",
      "dependencies": [
        "@types/pouchdb-core"
      ]
    },
    "@types/pouchdb-http@6.1.5": {
      "integrity": "sha512-9jGCAl6DUsXIl1vjuPu8tzGykAr84549P4IS0zYdrOKq5eXzQRUb/tb2hEVTmmTcYKXu2P1N55ABsdDNZvzGGA==",
      "dependencies": [
        "@types/pouchdb-adapter-http",
        "@types/pouchdb-core"
      ]
    },
    "@types/pouchdb-mapreduce@6.1.10": {
      "integrity": "sha512-AgYVqCnaA5D7cWkWyzZVuk0137N4yZsmIQTD/i3DmuMxYYoFrtWUoQu0tbA52SpTRGdL8ubQ7JFQXzA13fA6IQ==",
      "dependencies": [
        "@types/pouchdb-core"
      ]
    },
    "@types/pouchdb-node@6.1.7": {
      "integrity": "sha512-hryc2eCtNB3GbLcHSwU8glLaY66gDMus1AYkcIYAAxufdnK2BAy1oxaRLmnwRn1A1vG41P/t0htFD161LUnfQw==",
      "dependencies": [
        "@types/pouchdb-adapter-http",
        "@types/pouchdb-adapter-leveldb",
        "@types/pouchdb-core",
        "@types/pouchdb-mapreduce",
        "@types/pouchdb-replication"
      ]
    },
    "@types/pouchdb-replication@6.4.7": {
      "integrity": "sha512-slB4zOwri3SAVHioFx/FWC/KqOzzb7nDFtV+qzaKzxkf+U5zTwCbK3uRHaj0d/XQk0DwVeajf1ni3Wiyq3j2OA==",
      "dependencies": [
        "@types/pouchdb-core",
        "@types/pouchdb-find"
      ]
    },
    "@types/pouchdb@6.4.2": {
      "integrity": "sha512-YsI47rASdtzR+3V3JE2UKY58snhm0AglHBpyckQBkRYoCbTvGagXHtV0x5n8nzN04jQmvTG+Sm85cIzKT3KXBA==",
      "dependencies": [
        "@types/pouchdb-adapter-cordova-sqlite",
        "@types/pouchdb-adapter-fruitdown",
        "@types/pouchdb-adapter-http",
        "@types/pouchdb-adapter-idb",
        "@types/pouchdb-adapter-leveldb",
        "@types/pouchdb-adapter-localstorage",
        "@types/pouchdb-adapter-memory",
        "@types/pouchdb-adapter-node-websql",
        "@types/pouchdb-adapter-websql",
        "@types/pouchdb-browser",
        "@types/pouchdb-core",
        "@types/pouchdb-http",
        "@types/pouchdb-mapreduce",
        "@types/pouchdb-node",
        "@types/pouchdb-replication"
      ]
    },
    "anymatch@3.1.3": {
      "integrity": "sha512-KMReFUr0B4t+D+OBkjR3KYqvocp2XaSzO55UcB6mgQMd3KbcE+mWTyvVV7D/zsdEbNnV6acZUutkiHQXvTr1Rw==",
      "dependencies": [
        "normalize-path",
        "picomatch"
      ]
    },
    "balanced-match@1.0.2": {
      "integrity": "sha512-3oSeUO0TMV67hN1AmbXsK4yaqU7tjiHlbxRDZOpH0KW9+CeX4bRAaX0Anxt0tx2MrpRpWwQaPwIlISEJhYU5Pw=="
    },
    "binary-extensions@2.3.0": {
      "integrity": "sha512-Ceh+7ox5qe7LJuLHoY0feh3pHuUDHAcRUeyL2VYghZwfpkNIy/+8Ocg0a3UuSoYzavmylwuLWQOf3hl0jjMMIw=="
    },
    "brace-expansion@2.0.1": {
      "integrity": "sha512-XnAIvQ8eM+kC6aULx6wuQiwVsnzsi9d3WxzV3FpWTGA19F621kwdbsAcFKXgKUHZWsy+mY6iL1sHTxWEFCytDA==",
      "dependencies": [
        "balanced-match"
      ]
    },
    "braces@3.0.3": {
      "integrity": "sha512-yQbXgO/OSZVD2IsiLlro+7Hf6Q18EJrKSEsdoMzKePKXct3gvD8oLcOQdIzGupr5Fj+EDe8gO/lxc1BzfMpxvA==",
      "dependencies": [
        "fill-range"
      ]
    },
    "chokidar@3.6.0": {
      "integrity": "sha512-7VT13fmjotKpGipCW9JEQAusEPE+Ei8nl6/g4FBAmIm0GOOLMua9NDDo/DWp0ZAxCr3cPq5ZpBqmPAQgDda2Pw==",
      "dependencies": [
        "anymatch",
        "braces",
        "glob-parent",
        "is-binary-path",
        "is-glob",
        "normalize-path",
        "readdirp"
      ],
      "optionalDependencies": [
        "fsevents"
      ]
    },
    "diff-match-patch@1.0.5": {
      "integrity": "sha512-IayShXAgj/QMXgB0IWmKx+rOPuGMhqm5w6jvFxmVenXKIzRqTAAsbBPT3kWQeGANj3jGgvcvv4yK6SxqYmikgw=="
    },
    "fetch-cookie@2.2.0": {
      "integrity": "sha512-h9AgfjURuCgA2+2ISl8GbavpUdR+WGAM2McW/ovn4tVccegp8ZqCKWSBR8uRdM8dDNlx5WdKRWxBYUwteLDCNQ==",
      "dependencies": [
        "set-cookie-parser",
        "tough-cookie"
      ]
    },
    "fflate@0.8.2": {
      "integrity": "sha512-cPJU47OaAoCbg0pBvzsgpTPhmhqI5eJjh/JIu8tPj5q+T7iLvW/JAYUqmE7KOB4R1ZyEhzBaIQpQpardBF5z8A=="
    },
    "fill-range@7.1.1": {
      "integrity": "sha512-YsGpe3WHLK8ZYi4tWDg2Jy3ebRz2rXowDxnld4bkQB00cc/1Zw9AWnC0i9ztDJitivtQvaI9KaLyKrc+hBW0yg==",
      "dependencies": [
        "to-regex-range"
      ]
    },
    "fsevents@2.3.3": {
      "integrity": "sha512-5xoDfX+fL7faATnagmWPpbFtwh/R77WmMMqqHGS65C3vvB0YHrgF+B1YmZ3441tMj5n63k0212XNoJwzlhffQw==",
      "os": ["darwin"],
      "scripts": true
    },
    "glob-parent@5.1.2": {
      "integrity": "sha512-AOIgSQCepiJYwP3ARnGx+5VnTu2HBYdzbGP45eLw1vr3zB3vZLeyed1sC9hnbcOc9/SrMyM5RPQrkGz4aS9Zow==",
      "dependencies": [
        "is-glob"
      ]
    },
    "idb@8.0.3": {
      "integrity": "sha512-LtwtVyVYO5BqRvcsKuB2iUMnHwPVByPCXFXOpuU96IZPPoPN6xjOGxZQ74pgSVVLQWtUOYgyeL4GE98BY5D3wg=="
    },
    "is-binary-path@2.1.0": {
      "integrity": "sha512-ZMERYes6pDydyuGidse7OsHxtbI7WVeUEozgR/g7rd0xUimYNlvZRE/K2MgZTjWy725IfelLeVcEM97mmtRGXw==",
      "dependencies": [
        "binary-extensions"
      ]
    },
    "is-extglob@2.1.1": {
      "integrity": "sha512-SbKbANkN603Vi4jEZv49LeVJMn4yGwsbzZworEoyEiutsN3nJYdbO36zfhGJ6QEDpOZIFkDtnq5JRxmvl3jsoQ=="
    },
    "is-glob@4.0.3": {
      "integrity": "sha512-xelSayHH36ZgE7ZWhli7pW34hNbNl8Ojv5KVmkJD4hBdD3th8Tfk9vYasLM+mXWOZhFkgZfxhLSnrwRr4elSSg==",
      "dependencies": [
        "is-extglob"
      ]
    },
    "is-number@7.0.0": {
      "integrity": "sha512-41Cifkg6e8TylSpdtTpeLVMqvSBEVzTttHvERD741+pnZ8ANv0004MRL43QKPDlK9cGvNp6NZWZUBlbGXYxxng=="
    },
    "minimatch@10.0.1": {
      "integrity": "sha512-ethXTt3SGGR+95gudmqJ1eNhRO7eGEGIgYA9vnPatK4/etz2MEVDno5GMCibdMTuBMyElzIlgxMna3K94XDIDQ==",
      "dependencies": [
        "brace-expansion"
      ]
    },
    "node-fetch-native@1.6.7": {
      "integrity": "sha512-g9yhqoedzIUm0nTnTqAQvueMPVOuIY16bqgAJJC8XOOubYFNwz6IER9qs0Gq2Xd0+CecCKFjtdDTMA4u4xG06Q=="
    },
    "node-fetch@2.6.9": {
      "integrity": "sha512-DJm/CJkZkRjKKj4Zi4BsKVZh3ValV5IR5s7LVZnW+6YMh0W1BfNA8XSs6DLMGYlId5F3KnA70uu2qepcR08Qqg==",
      "dependencies": [
        "whatwg-url"
      ]
    },
    "normalize-path@3.0.0": {
      "integrity": "sha512-6eZs5Ls3WtCisHWp9S2GUy8dqkpGi4BVSz3GaqiE6ezub0512ESztXUwUB6C6IKbQkY2Pnb/mD4WYojCRwcwLA=="
    },
    "octagonal-wheels@0.1.39": {
      "integrity": "sha512-Ue6xdEYoHubEsXRg2ZHx1At566nSOjPU3Nj35l9BwuSR7uD1YUg2KLgbDVmcZslocKXQWXb9PjFdvAay79TyBw==",
      "dependencies": [
        "idb"
      ]
    },
    "picomatch@2.3.1": {
      "integrity": "sha512-JU3teHTNjmE2VCGFzuY8EXzCDVwEqB2a8fsIvwaStHhAWJEeVd1o1QD80CU6+ZdEXXSLbSsuLwJjkCBWqRQUVA=="
    },
    "pouchdb-abstract-mapreduce@9.0.0": {
      "integrity": "sha512-SnTtqwAEiAa3uxKbc1J7LfiBViwEkKe2xkK92zxyTXPqWBvMnh4UU3GXxx7GrXTM4L9llsQ3lSjpbH4CNqG1Mw==",
      "dependencies": [
        "pouchdb-binary-utils",
        "pouchdb-collate",
        "pouchdb-errors",
        "pouchdb-fetch",
        "pouchdb-mapreduce-utils",
        "pouchdb-md5",
        "pouchdb-utils"
      ]
    },
    "pouchdb-adapter-http@9.0.0": {
      "integrity": "sha512-2eL008XeRZkdyp3hMHHOhdIPqK9H6Mn4SLlQvit4zCbqnOFfAswzPjUmHULGMbDUCrQBTu6y82FnV6NHXv9kgw==",
      "dependencies": [
        "pouchdb-binary-utils",
        "pouchdb-errors",
        "pouchdb-fetch",
        "pouchdb-utils"
      ]
    },
    "pouchdb-binary-utils@9.0.0": {
      "integrity": "sha512-2OMtgDZi82vqs+zNDE0YiYjOaWkYCUcZJZKK3WkRr+XYRu+2B7umJrnygJFhUwoGedBbHSrlQBLhdNV3F1AX1A=="
    },
    "pouchdb-changes-filter@9.0.0": {
      "integrity": "sha512-ig0fo0WLgIjAniFJ19Uw1Y+oxiypqC+Skhd8BCETRVXOhLBzueRwEQR4thffyo0UayYVqldJfSR5wHSDvEVk/A==",
      "dependencies": [
        "pouchdb-errors",
        "pouchdb-selector-core",
        "pouchdb-utils"
      ]
    },
    "pouchdb-checkpointer@9.0.0": {
      "integrity": "sha512-yu1OlWw78oTHKOkg1GoxxF2qB7YUsjK3rUDJOChMs/sVlZwOTZ4mGdWFPBr3udxSGvR77E+g89kpdmAWhPpHvA==",
      "dependencies": [
        "pouchdb-collate",
        "pouchdb-utils"
      ]
    },
    "pouchdb-collate@9.0.0": {
      "integrity": "sha512-TrnEDNZEmIIl+W3xKUO8h+geqVLQ90oZe5ujPkl8myUzpREULWXWQBnV5EzPXVEKDBpJlb8T3I6oy/zdWGQpdA=="
    },
    "pouchdb-core@9.0.0": {
      "integrity": "sha512-98SJgs8bqXhr4gMGuOTR8yVeLlMYy797zlOtdlvlXIxIicvocyA8ColhVVhdBXPNOGxT2HwReIMywdIVAgibpg==",
      "dependencies": [
        "pouchdb-changes-filter",
        "pouchdb-errors",
        "pouchdb-fetch",
        "pouchdb-merge",
        "pouchdb-utils",
        "uuid"
      ]
    },
    "pouchdb-errors@9.0.0": {
      "integrity": "sha512-961PSMLhW0UqqdJ566g+CdLZ5pkBJRd6l4WWpCDdD0USvE4xYfYGzv43w7nZZBw1k3Xdy092yqPge7yX/tfnyw=="
    },
    "pouchdb-fetch@9.0.0": {
      "integrity": "sha512-TbE3cUcAJQrwb9kr44tDP0X+NAbcqgjsTvcL30L4xzBNJeCPTIRjukYX80s154SHJUXBxcWRiPsMmNqpXsjfCA==",
      "dependencies": [
        "fetch-cookie",
        "node-fetch"
      ]
    },
    "pouchdb-find@9.0.0": {
      "integrity": "sha512-vvVhq4eEOmSkwSRwf2NBYtdhURB7ryJ7sUI4WDN00GuLUj2g8jAXBJuZIryVgdYt/5S5cfn70iRL6Eow+LFhpA==",
      "dependencies": [
        "pouchdb-abstract-mapreduce",
        "pouchdb-collate",
        "pouchdb-errors",
        "pouchdb-fetch",
        "pouchdb-md5",
        "pouchdb-selector-core",
        "pouchdb-utils"
      ]
    },
    "pouchdb-generate-replication-id@9.0.0": {
      "integrity": "sha512-wetxjU0W/qNYtfHIoKwBO73ddUr0/eqzYOkoKHSFXCgOzYmTglDeqXiVY9LPysRXTgaHUJPKC5LoknZZw7e+Dw==",
      "dependencies": [
        "pouchdb-collate",
        "pouchdb-md5"
      ]
    },
    "pouchdb-mapreduce-utils@9.0.0": {
      "integrity": "sha512-Bjh8W6QXqp1j7MKmHhYYp5cYlcQsm5drD8Jd/F+ZlfNt18uiD2SQXWzGM5797+tiW/LszFGb8ttw0uHWjxufCQ==",
      "dependencies": [
        "pouchdb-utils"
      ]
    },
    "pouchdb-mapreduce@9.0.0": {
      "integrity": "sha512-ZD8PleQ9atzQAzT2LZWsvooUVEfsen5QGv/SDfci20IleCaFW2A2q7OERrqY0YWKDCCNRsWhPWPmsFvZC9K8DQ==",
      "dependencies": [
        "pouchdb-abstract-mapreduce",
        "pouchdb-mapreduce-utils",
        "pouchdb-utils"
      ]
    },
    "pouchdb-md5@9.0.0": {
      "integrity": "sha512-58xUYBvW3/s+aH0j4uOhhN8yCk0LQ254cxBzI/gbKA9PrfwHpe4zrr0L/ia5ml3A30oH1f8aTnuVMwWDkFcuww==",
      "dependencies": [
        "pouchdb-binary-utils",
        "spark-md5"
      ]
    },
    "pouchdb-merge@9.0.0": {
      "integrity": "sha512-Xh+TgOZCkGoZpI589btKf/cTiuQ5CsnPl9YpdW4h0cAPusniN6XNsR62F+/HbL9wirI6XTEPHUrk7MsQbk3S3A==",
      "dependencies": [
        "pouchdb-utils"
      ]
    },
    "pouchdb-replication@9.0.0": {
      "integrity": "sha512-EZ68KJ3ZUWuPe35NxP6WnRw8J6Zudf0j/tZ/6mOSrCcp3EbtBNt8Ke2FaAThUgiFahVnHD5Y8nd53EGs2DLygg==",
      "dependencies": [
        "pouchdb-checkpointer",
        "pouchdb-errors",
        "pouchdb-generate-replication-id",
        "pouchdb-utils"
      ]
    },
    "pouchdb-selector-core@9.0.0": {
      "integrity": "sha512-ZYHYsdoedwm8j5tYofz+3+uUSK8i+7tRCBb01T0OuqDQb17+w5mzjHF8Ppi160xdPUPaWCo1Un+nLWGJzkmA3g==",
      "dependencies": [
        "pouchdb-collate",
        "pouchdb-utils"
      ]
    },
    "pouchdb-utils@9.0.0": {
      "integrity": "sha512-xWZE5c+nAslgmLC8JBZbky8AYgdz7pKtv7KTSi6CD2tuQD0WyNKib0YnhZndeE84dksTeZlqlg56RQHsHoB2LQ==",
      "dependencies": [
        "pouchdb-errors",
        "pouchdb-md5",
        "uuid"
      ]
    },
    "pouchdb-wrappers@5.0.0": {
      "integrity": "sha512-fXqsVn+rmlPtxaAIGaQP5TkiaT39OMwvMk+ScLLtHrmfXD2KBO6fe/qBl38N/rpTn0h/A058dPN4fLAHt550zA=="
    },
    "psl@1.15.0": {
      "integrity": "sha512-JZd3gMVBAVQkSs6HdNZo9Sdo0LNcQeMNP3CozBJb3JYC/QUYZTnKxP+f8oWRX4rHP5EurWxqAHTSwUCjlNKa1w==",
      "dependencies": [
        "punycode"
      ]
    },
    "punycode@2.3.1": {
      "integrity": "sha512-vYt7UD1U9Wg6138shLtLOvdAu+8DsC/ilFtEVHcH+wydcSpNE20AfSOduf6MkRFahL5FY7X1oU7nKVZFtfq8Fg=="
    },
    "querystringify@2.2.0": {
      "integrity": "sha512-FIqgj2EUvTa7R50u0rGsyTftzjYmv/a3hO345bZNrqabNqjtgiDMgmo4mkUjd+nzU5oF3dClKqFIPUKybUyqoQ=="
    },
    "readdirp@3.6.0": {
      "integrity": "sha512-hOS089on8RduqdbhvQ5Z37A0ESjsqz6qnRcffsMU3495FuTdqSm+7bhJ29JvIOsBDEEnan5DPu9t3To9VRlMzA==",
      "dependencies": [
        "picomatch"
      ]
    },
    "requires-port@1.0.0": {
      "integrity": "sha512-KigOCHcocU3XODJxsu8i/j8T9tzT4adHiecwORRQ0ZZFcp7ahwXuRU1m+yuO90C5ZUyGeGfocHDI14M3L3yDAQ=="
    },
    "set-cookie-parser@2.7.1": {
      "integrity": "sha512-IOc8uWeOZgnb3ptbCURJWNjWUPcO3ZnTTdzsurqERrP6nPyv+paC55vJM0LpOlT2ne+Ix+9+CRG1MNLlyZ4GjQ=="
    },
    "spark-md5@3.0.2": {
      "integrity": "sha512-wcFzz9cDfbuqe0FZzfi2or1sgyIrsDwmPwfZC4hiNidPdPINjeUwNfv5kldczoEAcjl9Y1L3SM7Uz2PUEQzxQw=="
    },
    "to-regex-range@5.0.1": {
      "integrity": "sha512-65P7iz6X5yEr1cwcgvQxbbIw7Uk3gOy5dIdtZ4rDveLqhrdJP+Li/Hx6tyK0NEb+2GCyneCMJiGqrADCSNk8sQ==",
      "dependencies": [
        "is-number"
      ]
    },
    "tough-cookie@4.1.4": {
      "integrity": "sha512-Loo5UUvLD9ScZ6jh8beX1T6sO1w2/MpCRpEP7V280GKMVUQ0Jzar2U3UJPsrdbziLEMMhu3Ujnq//rhiFuIeag==",
      "dependencies": [
        "psl",
        "punycode",
        "universalify",
        "url-parse"
      ]
    },
    "tr46@0.0.3": {
      "integrity": "sha512-N3WMsuqV66lT30CrXNbEjx4GEwlow3v6rr4mCcv6prnfwhS01rkgyFdjPNBYd9br7LpXV1+Emh01fHnq2Gdgrw=="
    },
    "transform-pouch@2.0.0": {
      "integrity": "sha512-nDZovo0U5o0UdMNL93fMQgGjrwH9h4F/a7qqRTnF6cVA+FfgyXiJPTrSuD+LmWSO7r2deZt0P0oeCD8hkgxl5g==",
      "dependencies": [
        "pouchdb-wrappers"
      ]
    },
    "undici-types@7.8.0": {
      "integrity": "sha512-9UJ2xGDvQ43tYyVMpuHlsgApydB8ZKfVYTsLDhXkFL/6gfkp+U8xTGdh8pMJv1SpZna0zxG1DwsKZsreLbXBxw=="
    },
    "universalify@0.2.0": {
      "integrity": "sha512-CJ1QgKmNg3CwvAv/kOFmtnEN05f0D/cn9QntgNOQlQF9dgvVTHj3t+8JPdjqawCHk7V/KA+fbUqzZ9XWhcqPUg=="
    },
    "url-parse@1.5.10": {
      "integrity": "sha512-WypcfiRhfeUP9vvF0j6rw0J3hrWrw6iZv3+22h6iRMJ/8z1Tj6XfLP4DsUix5MhMPnXpiHDoKyoZ/bdCkwBCiQ==",
      "dependencies": [
        "querystringify",
        "requires-port"
      ]
    },
    "uuid@8.3.2": {
      "integrity": "sha512-+NYs2QeMWy+GWFOEm9xnn6HCDp0l7QBD7ml8zLUmJ+93Q5NF0NocErnwkTkXVFNiX3/fpC6afS8Dhb/gz7R7eg==",
      "bin": true
    },
    "webidl-conversions@3.0.1": {
      "integrity": "sha512-2JAn3z8AR6rjK8Sm8orRC0h/bcl/DqL7tRPdGZ4I1CjdF+EaMLmYxBHyXuKL849eucPFhvBoxMsflfOb8kxaeQ=="
    },
    "whatwg-url@5.0.0": {
      "integrity": "sha512-saE57nupxk6v3HY35+jzBwYa0rKSy0XR8JSxZPwgLr7ys0IBzhGviA1/TUGJLmSVqs8pb9AnvICXEuOHLprYTw==",
      "dependencies": [
        "tr46",
        "webidl-conversions"
      ]
    },
    "xxhash-wasm@1.1.0": {
      "integrity": "sha512-147y/6YNh+tlp6nd/2pWq38i9h6mz/EuQ6njIrmW8D1BS5nCqs0P6DG+m6zTGnNz5I+uhZ0SHxBs9BsPrwcKDA=="
    }
  },
  "redirects": {
    "https://esm.sh/@noble/secp256k1@^3.0.0?target=denonext": "https://esm.sh/@noble/secp256k1@3.0.0?target=denonext"
  },
  "remote": {
    "https://esm.sh/@noble/secp256k1@3.0.0/denonext/secp256k1.mjs": "e842c9b3d602a482f40bcf7d69f98bbd7fe5e20339ddc49309a3a6d38a1e8de2",
    "https://esm.sh/@noble/secp256k1@3.0.0?target=denonext": "2df5bf9904e1a6190f34aac85b21e47f5d4a8c2b32024180bf9c7fb50d954b53",
    "https://esm.sh/gh/vrtmrz/trystero@9e892a93ec14eeb57ce806d272fbb7c3935256d8": "e64b036faf014a715bfb45d2f22d62b6031f5e88549ab8027157698e12552ef8",
    "https://esm.sh/gh/vrtmrz/trystero@9e892a93ec14eeb57ce806d272fbb7c3935256d8/denonext/nostr.mjs": "eb15fcac98d11a2ca58751809fca36ed013769ba4972399d8fb876abba57ff06",
    "https://esm.sh/gh/vrtmrz/trystero@9e892a93ec14eeb57ce806d272fbb7c3935256d8/denonext/src/crypto.mjs": "5bab9b375188a6c3dcc2a5727339514faf32455e7c0f4375f6e8169a04279688",
    "https://esm.sh/gh/vrtmrz/trystero@9e892a93ec14eeb57ce806d272fbb7c3935256d8/denonext/src/strategy.mjs": "3cdf36d0d4b9cffc7dc50720576566fb69b359f965da23234c307472a0df0202",
    "https://esm.sh/gh/vrtmrz/trystero@9e892a93ec14eeb57ce806d272fbb7c3935256d8/denonext/src/utils.mjs": "448f03751e8125a2f3397626f29fa071b785ea9888529ee0b6b5ce851eacaea8",
    "https://esm.sh/gh/vrtmrz/trystero@9e892a93ec14eeb57ce806d272fbb7c3935256d8/denonext/trystero.mjs": "de6f9b4ba9134ae1b71712bd17ae12437aaa21a70c0e03147f460cee0d9a585f"
  },
  "workspace": {
    "dependencies": [
      "jsr:@std/async@^1.0.12",
      "jsr:@std/fs@^1.0.17",
      "jsr:@std/path@^1.0.9",
      "npm:@types/diff-match-patch@^1.0.36",
      "npm:@types/pouchdb@^6.4.2",
      "npm:chokidar@^3.5.1",
      "npm:diff-match-patch@^1.0.5",
      "npm:fflate@~0.8.2",
      "npm:minimatch@*",
      "npm:node-fetch-native@^1.6.4",
      "npm:octagonal-wheels@~0.1.39",
      "npm:pouchdb-adapter-http@9",
      "npm:pouchdb-core@9",
      "npm:pouchdb-errors@9",
      "npm:pouchdb-find@9",
      "npm:pouchdb-mapreduce@9",
      "npm:pouchdb-merge@9",
      "npm:pouchdb-replication@9",
      "npm:pouchdb-utils@9",
      "npm:transform-pouch@2",
      "npm:xxhash-wasm@^1.0.2"
    ]
  }
}
