{
  "version": "3",
  "packages": {
    "specifiers": {
      "npm:@types/node": "npm:@types/node@18.16.19",
      "npm:chokidar": "npm:chokidar@3.6.0",
      "npm:chokidar@^3.5.1": "npm:chokidar@3.6.0",
      "npm:fflate@^0.8.2": "npm:fflate@0.8.2",
      "npm:minimatch": "npm:minimatch@9.0.3",
      "npm:octagonal-wheels@^0.1.12": "npm:octagonal-wheels@0.1.12",
      "npm:pouchdb-adapter-http@^8.0.1": "npm:pouchdb-adapter-http@8.0.1",
      "npm:pouchdb-core@^8.0.1": "npm:pouchdb-core@8.0.1",
      "npm:pouchdb-errors@^8.0.1": "npm:pouchdb-errors@8.0.1",
      "npm:pouchdb-find@^8.0.1": "npm:pouchdb-find@8.0.1",
      "npm:pouchdb-mapreduce@^8.0.1": "npm:pouchdb-mapreduce@8.0.1",
      "npm:pouchdb-merge@^8.0.1": "npm:pouchdb-merge@8.0.1",
      "npm:pouchdb-replication@^8.0.1": "npm:pouchdb-replication@8.0.1",
      "npm:pouchdb-utils@^8.0.1": "npm:pouchdb-utils@8.0.1",
      "npm:transform-pouch@^2.0.0": "npm:transform-pouch@2.0.0",
      "npm:xxhash-wasm@^1.0.2": "npm:xxhash-wasm@1.0.2"
    },
    "npm": {
      "@types/node@18.16.19": {
        "integrity": "sha512-IXl7o+R9iti9eBW4Wg2hx1xQDig183jj7YLn8F7udNceyfkbn1ZxmzZXuak20gR40D7pIkIY1kYGx5VIGbaHKA==",
        "dependencies": {}
      },
      "abort-controller@3.0.0": {
        "integrity": "sha512-h8lQ8tacZYnR3vNQTgibj+tODHI5/+l06Au2Pcriv/Gmet0eaj4TwWH41sO9wnHDiQsEj19q0drzdWdeAHtweg==",
        "dependencies": {
          "event-target-shim": "event-target-shim@5.0.1"
        }
      },
      "anymatch@3.1.3": {
        "integrity": "sha512-KMReFUr0B4t+D+OBkjR3KYqvocp2XaSzO55UcB6mgQMd3KbcE+mWTyvVV7D/zsdEbNnV6acZUutkiHQXvTr1Rw==",
        "dependencies": {
          "normalize-path": "normalize-path@3.0.0",
          "picomatch": "picomatch@2.3.1"
        }
      },
      "balanced-match@1.0.2": {
        "integrity": "sha512-3oSeUO0TMV67hN1AmbXsK4yaqU7tjiHlbxRDZOpH0KW9+CeX4bRAaX0Anxt0tx2MrpRpWwQaPwIlISEJhYU5Pw==",
        "dependencies": {}
      },
      "binary-extensions@2.3.0": {
        "integrity": "sha512-Ceh+7ox5qe7LJuLHoY0feh3pHuUDHAcRUeyL2VYghZwfpkNIy/+8Ocg0a3UuSoYzavmylwuLWQOf3hl0jjMMIw==",
        "dependencies": {}
      },
      "brace-expansion@2.0.1": {
        "integrity": "sha512-XnAIvQ8eM+kC6aULx6wuQiwVsnzsi9d3WxzV3FpWTGA19F621kwdbsAcFKXgKUHZWsy+mY6iL1sHTxWEFCytDA==",
        "dependencies": {
          "balanced-match": "balanced-match@1.0.2"
        }
      },
      "braces@3.0.3": {
        "integrity": "sha512-yQbXgO/OSZVD2IsiLlro+7Hf6Q18EJrKSEsdoMzKePKXct3gvD8oLcOQdIzGupr5Fj+EDe8gO/lxc1BzfMpxvA==",
        "dependencies": {
          "fill-range": "fill-range@7.1.1"
        }
      },
      "buffer-from@1.1.2": {
        "integrity": "sha512-E+XQCRwSbaaiChtv6k6Dwgc+bx+Bs6vuKJHHl5kox/BaKbhiXzqQOwK4cO22yElGp2OCmjwVhT3HmxgyPGnJfQ==",
        "dependencies": {}
      },
      "chokidar@3.6.0": {
        "integrity": "sha512-7VT13fmjotKpGipCW9JEQAusEPE+Ei8nl6/g4FBAmIm0GOOLMua9NDDo/DWp0ZAxCr3cPq5ZpBqmPAQgDda2Pw==",
        "dependencies": {
          "anymatch": "anymatch@3.1.3",
          "braces": "braces@3.0.3",
          "fsevents": "fsevents@2.3.3",
          "glob-parent": "glob-parent@5.1.2",
          "is-binary-path": "is-binary-path@2.1.0",
          "is-glob": "is-glob@4.0.3",
          "normalize-path": "normalize-path@3.0.0",
          "readdirp": "readdirp@3.6.0"
        }
      },
      "clone-buffer@1.0.0": {
        "integrity": "sha512-KLLTJWrvwIP+OPfMn0x2PheDEP20RPUcGXj/ERegTgdmPEZylALQldygiqrPPu8P45uNuPs7ckmReLY6v/iA5g==",
        "dependencies": {}
      },
      "event-target-shim@5.0.1": {
        "integrity": "sha512-i/2XbnSz/uxRCU6+NdVJgKWDTM427+MqYbkQzD321DuCQJUqOuJKIA0IM2+W2xtYHdKOmZ4dR6fExsd4SXL+WQ==",
        "dependencies": {}
      },
      "fetch-cookie@0.11.0": {
        "integrity": "sha512-BQm7iZLFhMWFy5CZ/162sAGjBfdNWb7a8LEqqnzsHFhxT/X/SVj/z2t2nu3aJvjlbQkrAlTUApplPRjWyH4mhA==",
        "dependencies": {
          "tough-cookie": "tough-cookie@4.1.4"
        }
      },
      "fflate@0.8.2": {
        "integrity": "sha512-cPJU47OaAoCbg0pBvzsgpTPhmhqI5eJjh/JIu8tPj5q+T7iLvW/JAYUqmE7KOB4R1ZyEhzBaIQpQpardBF5z8A==",
        "dependencies": {}
      },
      "fill-range@7.1.1": {
        "integrity": "sha512-YsGpe3WHLK8ZYi4tWDg2Jy3ebRz2rXowDxnld4bkQB00cc/1Zw9AWnC0i9ztDJitivtQvaI9KaLyKrc+hBW0yg==",
        "dependencies": {
          "to-regex-range": "to-regex-range@5.0.1"
        }
      },
      "fsevents@2.3.3": {
        "integrity": "sha512-5xoDfX+fL7faATnagmWPpbFtwh/R77WmMMqqHGS65C3vvB0YHrgF+B1YmZ3441tMj5n63k0212XNoJwzlhffQw==",
        "dependencies": {}
      },
      "glob-parent@5.1.2": {
        "integrity": "sha512-AOIgSQCepiJYwP3ARnGx+5VnTu2HBYdzbGP45eLw1vr3zB3vZLeyed1sC9hnbcOc9/SrMyM5RPQrkGz4aS9Zow==",
        "dependencies": {
          "is-glob": "is-glob@4.0.3"
        }
      },
      "idb@8.0.0": {
        "integrity": "sha512-l//qvlAKGmQO31Qn7xdzagVPPaHTxXx199MhrAFuVBTPqydcPYBWjkrbv4Y0ktB+GmWOiwHl237UUOrLmQxLvw==",
        "dependencies": {}
      },
      "immediate@3.3.0": {
        "integrity": "sha512-HR7EVodfFUdQCTIeySw+WDRFJlPcLOJbXfwwZ7Oom6tjsvZ3bOkCDJHehQC3nxJrv7+f9XecwazynjU8e4Vw3Q==",
        "dependencies": {}
      },
      "is-binary-path@2.1.0": {
        "integrity": "sha512-ZMERYes6pDydyuGidse7OsHxtbI7WVeUEozgR/g7rd0xUimYNlvZRE/K2MgZTjWy725IfelLeVcEM97mmtRGXw==",
        "dependencies": {
          "binary-extensions": "binary-extensions@2.3.0"
        }
      },
      "is-extglob@2.1.1": {
        "integrity": "sha512-SbKbANkN603Vi4jEZv49LeVJMn4yGwsbzZworEoyEiutsN3nJYdbO36zfhGJ6QEDpOZIFkDtnq5JRxmvl3jsoQ==",
        "dependencies": {}
      },
      "is-glob@4.0.3": {
        "integrity": "sha512-xelSayHH36ZgE7ZWhli7pW34hNbNl8Ojv5KVmkJD4hBdD3th8Tfk9vYasLM+mXWOZhFkgZfxhLSnrwRr4elSSg==",
        "dependencies": {
          "is-extglob": "is-extglob@2.1.1"
        }
      },
      "is-number@7.0.0": {
        "integrity": "sha512-41Cifkg6e8TylSpdtTpeLVMqvSBEVzTttHvERD741+pnZ8ANv0004MRL43QKPDlK9cGvNp6NZWZUBlbGXYxxng==",
        "dependencies": {}
      },
      "minimatch@9.0.3": {
        "integrity": "sha512-RHiac9mvaRw0x3AYRgDC1CxAP7HTcNrrECeA8YYJeWnpo+2Q5CegtZjaotWTWxDG3UeGA1coE05iH1mPjT/2mg==",
        "dependencies": {
          "brace-expansion": "brace-expansion@2.0.1"
        }
      },
      "node-fetch@2.6.7": {
        "integrity": "sha512-ZjMPFEfVx5j+y2yF35Kzx5sF7kDzxuDj6ziH4FFbOp87zKDZNx8yExJIb05OGF4Nlt9IHFIMBkRl41VdvcNdbQ==",
        "dependencies": {
          "whatwg-url": "whatwg-url@5.0.0"
        }
      },
      "normalize-path@3.0.0": {
        "integrity": "sha512-6eZs5Ls3WtCisHWp9S2GUy8dqkpGi4BVSz3GaqiE6ezub0512ESztXUwUB6C6IKbQkY2Pnb/mD4WYojCRwcwLA==",
        "dependencies": {}
      },
      "octagonal-wheels@0.1.12": {
        "integrity": "sha512-pReKb681tUrrrvQCWmzsUFCeq4x5ClvkWMhUMz+WBjUCE5r0+5+Wzpd2sYWa0tpl7vwLa764MO7/p1THMEcXoA==",
        "dependencies": {
          "idb": "idb@8.0.0",
          "xxhash-wasm": "xxhash-wasm@0.4.2",
          "xxhash-wasm-102": "xxhash-wasm@1.0.2"
        }
      },
      "picomatch@2.3.1": {
        "integrity": "sha512-JU3teHTNjmE2VCGFzuY8EXzCDVwEqB2a8fsIvwaStHhAWJEeVd1o1QD80CU6+ZdEXXSLbSsuLwJjkCBWqRQUVA==",
        "dependencies": {}
      },
      "pouchdb-abstract-mapreduce@8.0.1": {
        "integrity": "sha512-BxJRHdfiC8gID8h4DPS0Xy6wsa2VBHRHMv9hsm0BhGTWTqS4k8ivItVSeU2dMoXiTBYp+7SerYmovUQNGSX1GA==",
        "dependencies": {
          "pouchdb-binary-utils": "pouchdb-binary-utils@8.0.1",
          "pouchdb-collate": "pouchdb-collate@8.0.1",
          "pouchdb-collections": "pouchdb-collections@8.0.1",
          "pouchdb-errors": "pouchdb-errors@8.0.1",
          "pouchdb-fetch": "pouchdb-fetch@8.0.1",
          "pouchdb-mapreduce-utils": "pouchdb-mapreduce-utils@8.0.1",
          "pouchdb-md5": "pouchdb-md5@8.0.1",
          "pouchdb-utils": "pouchdb-utils@8.0.1"
        }
      },
      "pouchdb-adapter-http@8.0.1": {
        "integrity": "sha512-krs5T8QVsswIyDRQHZCBBMF0l7HKQkxZwEigUTVvhq6kuHuqUheLGv18sPiVvmXlpdZwRl/d1432MkG72ywqIw==",
        "dependencies": {
          "pouchdb-binary-utils": "pouchdb-binary-utils@8.0.1",
          "pouchdb-errors": "pouchdb-errors@8.0.1",
          "pouchdb-fetch": "pouchdb-fetch@8.0.1",
          "pouchdb-utils": "pouchdb-utils@8.0.1"
        }
      },
      "pouchdb-binary-utils@8.0.1": {
        "integrity": "sha512-WsuR/S0aoUlcA0Alt99czkXsfuXWcrYXAcvGiTW02zawVXOafCnb/qHjA09TUaV0oy5HeHmYaNnDckoOUqspeA==",
        "dependencies": {
          "buffer-from": "buffer-from@1.1.2"
        }
      },
      "pouchdb-changes-filter@8.0.1": {
        "integrity": "sha512-UKgH6YRA9PnvIGHb0FuDEEqeTewgHugbbBt5vpVo0QmbWKxNiau/JiTC9mY5Hj9l7ghaIUpO0TFG95a6RXWsQA==",
        "dependencies": {
          "pouchdb-errors": "pouchdb-errors@8.0.1",
          "pouchdb-selector-core": "pouchdb-selector-core@8.0.1",
          "pouchdb-utils": "pouchdb-utils@8.0.1"
        }
      },
      "pouchdb-checkpointer@8.0.1": {
        "integrity": "sha512-zWIFEpQqY/7Fx75VkWtxbMYlL5gzPN9SUYqFCCUPPIThEM3evREI/4u4V0ayNkd9Ma3OGyItsj0D1ibBghWenA==",
        "dependencies": {
          "pouchdb-collate": "pouchdb-collate@8.0.1",
          "pouchdb-utils": "pouchdb-utils@8.0.1"
        }
      },
      "pouchdb-collate@8.0.1": {
        "integrity": "sha512-DTuNz1UJjBTGZMUlWS1klSE1rPsmHy8IIDie3MFH1ZTz/C+SwGgGwkiAyUDv/n00D18EMLgXq5mu+r7L6K1BwQ==",
        "dependencies": {}
      },
      "pouchdb-collections@8.0.1": {
        "integrity": "sha512-TlkQ2GGHJApJgL0b7bJMQcwX6eMfVenLeoK9mqHfC2fJssui+HWJJ5LYKHOWan11SeB90BQVFbO6rHN6CJQeDg==",
        "dependencies": {}
      },
      "pouchdb-core@8.0.1": {
        "integrity": "sha512-Qkcmh3eoMHiKUma5Y/rH0Z7kjxXrr6p54j/WOH+TZ/RlJAchmdVY1TRfqay5CoK+8Ka0m8eibP+wD1DKZKJbDg==",
        "dependencies": {
          "pouchdb-changes-filter": "pouchdb-changes-filter@8.0.1",
          "pouchdb-collections": "pouchdb-collections@8.0.1",
          "pouchdb-errors": "pouchdb-errors@8.0.1",
          "pouchdb-fetch": "pouchdb-fetch@8.0.1",
          "pouchdb-merge": "pouchdb-merge@8.0.1",
          "pouchdb-utils": "pouchdb-utils@8.0.1",
          "uuid": "uuid@8.3.2"
        }
      },
      "pouchdb-errors@8.0.1": {
        "integrity": "sha512-H+ZsQxcG/JV3Tn29gnM6c9+lRPCN91ZYOkoIICsLjVRYgOTzN1AvNUD/G5JCB+81aI/u3fxZec0LEaZh6g6NHA==",
        "dependencies": {}
      },
      "pouchdb-fetch@8.0.1": {
        "integrity": "sha512-Px5HLT8MxqTujc8bpPRKoouznDTJa9XBGqCbhl95q6rhjWRfwZEvXjV92z0B5BALAM6D6avMyG0DjuNfUWnMuA==",
        "dependencies": {
          "abort-controller": "abort-controller@3.0.0",
          "fetch-cookie": "fetch-cookie@0.11.0",
          "node-fetch": "node-fetch@2.6.7"
        }
      },
      "pouchdb-find@8.0.1": {
        "integrity": "sha512-i5criYXMOXlbeRrCrXonqaOY+xiMiOyTLybqvtX/NkUsiD4BxJxkq5AxdSlHdJ9703nWJ0k6S+5C8VrpEj8tsQ==",
        "dependencies": {
          "pouchdb-abstract-mapreduce": "pouchdb-abstract-mapreduce@8.0.1",
          "pouchdb-collate": "pouchdb-collate@8.0.1",
          "pouchdb-errors": "pouchdb-errors@8.0.1",
          "pouchdb-fetch": "pouchdb-fetch@8.0.1",
          "pouchdb-md5": "pouchdb-md5@8.0.1",
          "pouchdb-selector-core": "pouchdb-selector-core@8.0.1",
          "pouchdb-utils": "pouchdb-utils@8.0.1"
        }
      },
      "pouchdb-generate-replication-id@8.0.1": {
        "integrity": "sha512-MxctzPSF9c3w0tPUPCR4Ihs3+N4751kFidgFnYVLRLZbWy3BNuY8GXjXQojLke7d2lMqQyuu4kKyCdOZ/kT8gQ==",
        "dependencies": {
          "pouchdb-collate": "pouchdb-collate@8.0.1",
          "pouchdb-md5": "pouchdb-md5@8.0.1"
        }
      },
      "pouchdb-mapreduce-utils@8.0.1": {
        "integrity": "sha512-asZcFLy1DA3oe5CeXIRCpfVrBHaHRvSb3Tc/LPD1dZDDtpEkeCuXGtJm+praN0jl41jTBEm0uMdD/YI0J5ZFXw==",
        "dependencies": {
          "pouchdb-collections": "pouchdb-collections@8.0.1",
          "pouchdb-utils": "pouchdb-utils@8.0.1"
        }
      },
      "pouchdb-mapreduce@8.0.1": {
        "integrity": "sha512-cS36ANhxD8J8cWhqV9OYE5HFU0+jIli2Ow+FV6xKAcFnSogcLPAawGJMsg0mCyhaBqlCNOp1eMWMWz8jk/TStg==",
        "dependencies": {
          "pouchdb-abstract-mapreduce": "pouchdb-abstract-mapreduce@8.0.1",
          "pouchdb-mapreduce-utils": "pouchdb-mapreduce-utils@8.0.1",
          "pouchdb-utils": "pouchdb-utils@8.0.1"
        }
      },
      "pouchdb-md5@8.0.1": {
        "integrity": "sha512-shVcs/K/iilrcAhDEERpLIrGm/cnDVsXiocOzs7kycJEuBqYnLD9nj58VwWDcum26wfa8T9cznvEGE1jlYVNPQ==",
        "dependencies": {
          "pouchdb-binary-utils": "pouchdb-binary-utils@8.0.1",
          "spark-md5": "spark-md5@3.0.2"
        }
      },
      "pouchdb-merge@8.0.1": {
        "integrity": "sha512-79dw6+K7js2+/kt9u4hKOkGCnz+ov0+yft2k21n6M+ylFEQyMKuWHEZRoFWr72o1vxwjhIXhUM1PB2PIdxIh0Q==",
        "dependencies": {
          "pouchdb-utils": "pouchdb-utils@8.0.1"
        }
      },
      "pouchdb-replication@8.0.1": {
        "integrity": "sha512-BIWhJsw2si3+HX3U5ElHJ6mv/cp5mA3pHynJYhufmbUe2vdLf4cpc7G5FG/ElMFEs0aoweGXPhFTqfqjykSZQA==",
        "dependencies": {
          "pouchdb-checkpointer": "pouchdb-checkpointer@8.0.1",
          "pouchdb-errors": "pouchdb-errors@8.0.1",
          "pouchdb-generate-replication-id": "pouchdb-generate-replication-id@8.0.1",
          "pouchdb-utils": "pouchdb-utils@8.0.1"
        }
      },
      "pouchdb-selector-core@8.0.1": {
        "integrity": "sha512-dHWsnR+mLGyfVld1vSHJI1xKTwS1xk1G2dggjfXfUrLehI+wysjTUOwiSNytyPzG6DpT+o86wyUpwzPwsDCLBw==",
        "dependencies": {
          "pouchdb-collate": "pouchdb-collate@8.0.1",
          "pouchdb-utils": "pouchdb-utils@8.0.1"
        }
      },
      "pouchdb-utils@8.0.1": {
        "integrity": "sha512-pWgxdk9EHVWJmjQoEvTe+ZlPXyjcuQ/vgLITN+RjGwcYhoQYUE1M0PksQd2dUP3V8lGS4+wrg9lEM/qSJPYcpw==",
        "dependencies": {
          "clone-buffer": "clone-buffer@1.0.0",
          "immediate": "immediate@3.3.0",
          "pouchdb-collections": "pouchdb-collections@8.0.1",
          "pouchdb-errors": "pouchdb-errors@8.0.1",
          "pouchdb-md5": "pouchdb-md5@8.0.1",
          "uuid": "uuid@8.3.2"
        }
      },
      "pouchdb-wrappers@5.0.0": {
        "integrity": "sha512-fXqsVn+rmlPtxaAIGaQP5TkiaT39OMwvMk+ScLLtHrmfXD2KBO6fe/qBl38N/rpTn0h/A058dPN4fLAHt550zA==",
        "dependencies": {}
      },
      "psl@1.9.0": {
        "integrity": "sha512-E/ZsdU4HLs/68gYzgGTkMicWTLPdAftJLfJFlLUAAKZGkStNU72sZjT66SnMDVOfOWY/YAoiD7Jxa9iHvngcag==",
        "dependencies": {}
      },
      "punycode@2.3.1": {
        "integrity": "sha512-vYt7UD1U9Wg6138shLtLOvdAu+8DsC/ilFtEVHcH+wydcSpNE20AfSOduf6MkRFahL5FY7X1oU7nKVZFtfq8Fg==",
        "dependencies": {}
      },
      "querystringify@2.2.0": {
        "integrity": "sha512-FIqgj2EUvTa7R50u0rGsyTftzjYmv/a3hO345bZNrqabNqjtgiDMgmo4mkUjd+nzU5oF3dClKqFIPUKybUyqoQ==",
        "dependencies": {}
      },
      "readdirp@3.6.0": {
        "integrity": "sha512-hOS089on8RduqdbhvQ5Z37A0ESjsqz6qnRcffsMU3495FuTdqSm+7bhJ29JvIOsBDEEnan5DPu9t3To9VRlMzA==",
        "dependencies": {
          "picomatch": "picomatch@2.3.1"
        }
      },
      "requires-port@1.0.0": {
        "integrity": "sha512-KigOCHcocU3XODJxsu8i/j8T9tzT4adHiecwORRQ0ZZFcp7ahwXuRU1m+yuO90C5ZUyGeGfocHDI14M3L3yDAQ==",
        "dependencies": {}
      },
      "spark-md5@3.0.2": {
        "integrity": "sha512-wcFzz9cDfbuqe0FZzfi2or1sgyIrsDwmPwfZC4hiNidPdPINjeUwNfv5kldczoEAcjl9Y1L3SM7Uz2PUEQzxQw==",
        "dependencies": {}
      },
      "to-regex-range@5.0.1": {
        "integrity": "sha512-65P7iz6X5yEr1cwcgvQxbbIw7Uk3gOy5dIdtZ4rDveLqhrdJP+Li/Hx6tyK0NEb+2GCyneCMJiGqrADCSNk8sQ==",
        "dependencies": {
          "is-number": "is-number@7.0.0"
        }
      },
      "tough-cookie@4.1.4": {
        "integrity": "sha512-Loo5UUvLD9ScZ6jh8beX1T6sO1w2/MpCRpEP7V280GKMVUQ0Jzar2U3UJPsrdbziLEMMhu3Ujnq//rhiFuIeag==",
        "dependencies": {
          "psl": "psl@1.9.0",
          "punycode": "punycode@2.3.1",
          "universalify": "universalify@0.2.0",
          "url-parse": "url-parse@1.5.10"
        }
      },
      "tr46@0.0.3": {
        "integrity": "sha512-N3WMsuqV66lT30CrXNbEjx4GEwlow3v6rr4mCcv6prnfwhS01rkgyFdjPNBYd9br7LpXV1+Emh01fHnq2Gdgrw==",
        "dependencies": {}
      },
      "transform-pouch@2.0.0": {
        "integrity": "sha512-nDZovo0U5o0UdMNL93fMQgGjrwH9h4F/a7qqRTnF6cVA+FfgyXiJPTrSuD+LmWSO7r2deZt0P0oeCD8hkgxl5g==",
        "dependencies": {
          "pouchdb-wrappers": "pouchdb-wrappers@5.0.0"
        }
      },
      "universalify@0.2.0": {
        "integrity": "sha512-CJ1QgKmNg3CwvAv/kOFmtnEN05f0D/cn9QntgNOQlQF9dgvVTHj3t+8JPdjqawCHk7V/KA+fbUqzZ9XWhcqPUg==",
        "dependencies": {}
      },
      "url-parse@1.5.10": {
        "integrity": "sha512-WypcfiRhfeUP9vvF0j6rw0J3hrWrw6iZv3+22h6iRMJ/8z1Tj6XfLP4DsUix5MhMPnXpiHDoKyoZ/bdCkwBCiQ==",
        "dependencies": {
          "querystringify": "querystringify@2.2.0",
          "requires-port": "requires-port@1.0.0"
        }
      },
      "uuid@8.3.2": {
        "integrity": "sha512-+NYs2QeMWy+GWFOEm9xnn6HCDp0l7QBD7ml8zLUmJ+93Q5NF0NocErnwkTkXVFNiX3/fpC6afS8Dhb/gz7R7eg==",
        "dependencies": {}
      },
      "webidl-conversions@3.0.1": {
        "integrity": "sha512-2JAn3z8AR6rjK8Sm8orRC0h/bcl/DqL7tRPdGZ4I1CjdF+EaMLmYxBHyXuKL849eucPFhvBoxMsflfOb8kxaeQ==",
        "dependencies": {}
      },
      "whatwg-url@5.0.0": {
        "integrity": "sha512-saE57nupxk6v3HY35+jzBwYa0rKSy0XR8JSxZPwgLr7ys0IBzhGviA1/TUGJLmSVqs8pb9AnvICXEuOHLprYTw==",
        "dependencies": {
          "tr46": "tr46@0.0.3",
          "webidl-conversions": "webidl-conversions@3.0.1"
        }
      },
      "xxhash-wasm@0.4.2": {
        "integrity": "sha512-/eyHVRJQCirEkSZ1agRSCwriMhwlyUcFkXD5TPVSLP+IPzjsqMVzZwdoczLp1SoQU0R3dxz1RpIK+4YNQbCVOA==",
        "dependencies": {}
      },
      "xxhash-wasm@1.0.2": {
        "integrity": "sha512-ibF0Or+FivM9lNrg+HGJfVX8WJqgo+kCLDc4vx6xMeTce7Aj+DLttKbxxRR/gNLSAelRc1omAPlJ77N/Jem07A==",
        "dependencies": {}
      }
    }
  },
  "redirects": {
    "https://deno.land/std/fs/walk.ts": "https://deno.land/std@0.209.0/fs/walk.ts"
  },
  "remote": {
    "https://deno.land/std@0.202.0/assert/assert.ts": "9a97dad6d98c238938e7540736b826440ad8c1c1e54430ca4c4e623e585607ee",
    "https://deno.land/std@0.202.0/assert/assertion_error.ts": "4d0bde9b374dfbcbe8ac23f54f567b77024fb67dbb1906a852d67fe050d42f56",
    "https://deno.land/std@0.202.0/flags/mod.ts": "0948466fc437f017f00c0b972a422b3dc3317a790bcf326429d23182977eaf9f",
    "https://deno.land/std@0.203.0/assert/assert.ts": "9a97dad6d98c238938e7540736b826440ad8c1c1e54430ca4c4e623e585607ee",
    "https://deno.land/std@0.203.0/assert/assertion_error.ts": "4d0bde9b374dfbcbe8ac23f54f567b77024fb67dbb1906a852d67fe050d42f56",
    "https://deno.land/std@0.203.0/path/_basename.ts": "057d420c9049821f983f784fd87fa73ac471901fb628920b67972b0f44319343",
    "https://deno.land/std@0.203.0/path/_constants.ts": "e49961f6f4f48039c0dfed3c3f93e963ca3d92791c9d478ac5b43183413136e0",
    "https://deno.land/std@0.203.0/path/_dirname.ts": "355e297236b2218600aee7a5301b937204c62e12da9db4b0b044993d9e658395",
    "https://deno.land/std@0.203.0/path/_extname.ts": "eaaa5aae1acf1f03254d681bd6a8ce42a9cb5b7ff2213a9d4740e8ab31283664",
    "https://deno.land/std@0.203.0/path/_format.ts": "4a99270d6810f082e614309164fad75d6f1a483b68eed97c830a506cc589f8b4",
    "https://deno.land/std@0.203.0/path/_from_file_url.ts": "6eadfae2e6f63ad9ee46b26db4a1b16583055c0392acedfb50ed2fc694b6f581",
    "https://deno.land/std@0.203.0/path/_interface.ts": "6471159dfbbc357e03882c2266d21ef9afdb1e4aa771b0545e90db58a0ba314b",
    "https://deno.land/std@0.203.0/path/_is_absolute.ts": "05dac10b5e93c63198b92e3687baa2be178df5321c527dc555266c0f4f51558c",
    "https://deno.land/std@0.203.0/path/_join.ts": "815f5e85b042285175b1492dd5781240ce126c23bd97bad6b8211fe7129c538e",
    "https://deno.land/std@0.203.0/path/_normalize.ts": "a19ec8706b2707f9dd974662a5cd89fad438e62ab1857e08b314a8eb49a34d81",
    "https://deno.land/std@0.203.0/path/_os.ts": "30b0c2875f360c9296dbe6b7f2d528f0f9c741cecad2e97f803f5219e91b40a2",
    "https://deno.land/std@0.203.0/path/_parse.ts": "0f9b0ff43682dd9964eb1c4398610c4e165d8db9d3ac9d594220217adf480cfa",
    "https://deno.land/std@0.203.0/path/_relative.ts": "27bdeffb5311a47d85be26d37ad1969979359f7636c5cd9fcf05dcd0d5099dc5",
    "https://deno.land/std@0.203.0/path/_resolve.ts": "7a3616f1093735ed327e758313b79c3c04ea921808ca5f19ddf240cb68d0adf6",
    "https://deno.land/std@0.203.0/path/_to_file_url.ts": "a141e4a525303e1a3a0c0571fd024552b5f3553a2af7d75d1ff3a503dcbb66d8",
    "https://deno.land/std@0.203.0/path/_to_namespaced_path.ts": "0d5f4caa2ed98ef7a8786286df6af804b50e38859ae897b5b5b4c8c5930a75c8",
    "https://deno.land/std@0.203.0/path/_util.ts": "4e191b1bac6b3bf0c31aab42e5ca2e01a86ab5a0d2e08b75acf8585047a86221",
    "https://deno.land/std@0.203.0/path/basename.ts": "bdfa5a624c6a45564dc6758ef2077f2822978a6dbe77b0a3514f7d1f81362930",
    "https://deno.land/std@0.203.0/path/common.ts": "ee7505ab01fd22de3963b64e46cff31f40de34f9f8de1fff6a1bd2fe79380000",
    "https://deno.land/std@0.203.0/path/dirname.ts": "b6533f4ee4174a526dec50c279534df5345836dfdc15318400b08c62a62a39dd",
    "https://deno.land/std@0.203.0/path/extname.ts": "62c4b376300795342fe1e4746c0de518b4dc9c4b0b4617bfee62a2973a9555cf",
    "https://deno.land/std@0.203.0/path/format.ts": "110270b238514dd68455a4c54956215a1aff7e37e22e4427b7771cefe1920aa5",
    "https://deno.land/std@0.203.0/path/from_file_url.ts": "9f5cb58d58be14c775ec2e57fc70029ac8b17ed3bd7fe93e475b07280adde0ac",
    "https://deno.land/std@0.203.0/path/glob.ts": "593e2c3573883225c25c5a21aaa8e9382a696b8e175ea20a3b6a1471ad17aaed",
    "https://deno.land/std@0.203.0/path/is_absolute.ts": "0b92eb35a0a8780e9f16f16bb23655b67dace6a8e0d92d42039e518ee38103c1",
    "https://deno.land/std@0.203.0/path/join.ts": "31c5419f23d91655b08ec7aec403f4e4cd1a63d39e28f6e42642ea207c2734f8",
    "https://deno.land/std@0.203.0/path/mod.ts": "6e1efb0b13121463aedb53ea51dabf5639a3172ab58c89900bbb72b486872532",
    "https://deno.land/std@0.203.0/path/normalize.ts": "6ea523e0040979dd7ae2f1be5bf2083941881a252554c0f32566a18b03021955",
    "https://deno.land/std@0.203.0/path/parse.ts": "be8de342bb9e1924d78dc4d93c45215c152db7bf738ec32475560424b119b394",
    "https://deno.land/std@0.203.0/path/posix.ts": "0a1c1952d132323a88736d03e92bd236f3ed5f9f079e5823fae07c8d978ee61b",
    "https://deno.land/std@0.203.0/path/relative.ts": "8bedac226afd360afc45d451a6c29fabceaf32978526bcb38e0c852661f66c61",
    "https://deno.land/std@0.203.0/path/resolve.ts": "133161e4949fc97f9ca67988d51376b0f5eef8968a6372325ab84d39d30b80dc",
    "https://deno.land/std@0.203.0/path/separator.ts": "40a3e9a4ad10bef23bc2cd6c610291b6c502a06237c2c4cd034a15ca78dedc1f",
    "https://deno.land/std@0.203.0/path/to_file_url.ts": "00e6322373dd51ad109956b775e4e72e5f9fa68ce2c6b04e4af2a6eed3825d31",
    "https://deno.land/std@0.203.0/path/to_namespaced_path.ts": "1b1db3055c343ab389901adfbda34e82b7386bcd1c744d54f9c1496ee0fd0c3d",
    "https://deno.land/std@0.203.0/path/win32.ts": "8b3f80ef7a462511d5e8020ff490edcaa0a0d118f1b1e9da50e2916bdd73f9dd",
    "https://deno.land/std@0.209.0/assert/assert.ts": "e265ad50a9341f3b40e51dd4cb41ab253d976943ba78a977106950e52e0302ab",
    "https://deno.land/std@0.209.0/assert/assertion_error.ts": "26ed1863d905005f00785c89750c001c3522c5417e4f58f95044b8143cfc1593",
    "https://deno.land/std@0.209.0/fs/_util.ts": "b03c46be986540a23916918fe0c01e257909e34be371943812001792859e22be",
    "https://deno.land/std@0.209.0/fs/walk.ts": "999a272d5baa9d89d178d8099c88ea765e56da1e65f425f18dabca7c6fbd6821",
    "https://deno.land/std@0.209.0/path/_common/assert_path.ts": "061e4d093d4ba5aebceb2c4da3318bfe3289e868570e9d3a8e327d91c2958946",
    "https://deno.land/std@0.209.0/path/_common/basename.ts": "0d978ff818f339cd3b1d09dc914881f4d15617432ae519c1b8fdc09ff8d3789a",
    "https://deno.land/std@0.209.0/path/_common/constants.ts": "e49961f6f4f48039c0dfed3c3f93e963ca3d92791c9d478ac5b43183413136e0",
    "https://deno.land/std@0.209.0/path/_common/from_file_url.ts": "ef1bf3197d2efbf0297a2bdbf3a61d804b18f2bcce45548ae112313ec5be3c22",
    "https://deno.land/std@0.209.0/path/_common/normalize.ts": "2ba7fb4cc9fafb0f38028f434179579ce61d4d9e51296fad22b701c3d3cd7397",
    "https://deno.land/std@0.209.0/path/_common/normalize_string.ts": "88c472f28ae49525f9fe82de8c8816d93442d46a30d6bb5063b07ff8a89ff589",
    "https://deno.land/std@0.209.0/path/_common/strip_trailing_separators.ts": "7ffc7c287e97bdeeee31b155828686967f222cd73f9e5780bfe7dfb1b58c6c65",
    "https://deno.land/std@0.209.0/path/_os.ts": "30b0c2875f360c9296dbe6b7f2d528f0f9c741cecad2e97f803f5219e91b40a2",
    "https://deno.land/std@0.209.0/path/basename.ts": "04bb5ef3e86bba8a35603b8f3b69537112cdd19ce64b77f2522006da2977a5f3",
    "https://deno.land/std@0.209.0/path/from_file_url.ts": "e7fa233ea1dff9641e8d566153a24d95010110185a6f418dd2e32320926043f8",
    "https://deno.land/std@0.209.0/path/join.ts": "98d3d76c819af4a11a81d5ba2dbb319f1ce9d63fc2b615597d4bcfddd4a89a09",
    "https://deno.land/std@0.209.0/path/normalize.ts": "aa95be9a92c7bd4f9dc0ba51e942a1973e2b93d266cd74f5ca751c136d520b66",
    "https://deno.land/std@0.209.0/path/posix/_util.ts": "ecf49560fedd7dd376c6156cc5565cad97c1abe9824f4417adebc7acc36c93e5",
    "https://deno.land/std@0.209.0/path/posix/basename.ts": "a630aeb8fd8e27356b1823b9dedd505e30085015407caa3396332752f6b8406a",
    "https://deno.land/std@0.209.0/path/posix/from_file_url.ts": "b97287a83e6407ac27bdf3ab621db3fccbf1c27df0a1b1f20e1e1b5acf38a379",
    "https://deno.land/std@0.209.0/path/posix/join.ts": "0c0d84bdc344876930126640011ec1b888e6facf74153ffad9ef26813aa2a076",
    "https://deno.land/std@0.209.0/path/posix/normalize.ts": "11de90a94ab7148cc46e5a288f7d732aade1d616bc8c862f5560fa18ff987b4b",
    "https://deno.land/std@0.209.0/path/posix/resolve.ts": "51579d83159d5c719518c9ae50812a63959bbcb7561d79acbdb2c3682236e285",
    "https://deno.land/std@0.209.0/path/resolve.ts": "5b184efc87155a0af9fa305ff68a109e28de9aee81fc3e77cd01380f19daf867",
    "https://deno.land/std@0.209.0/path/separator.ts": "40a3e9a4ad10bef23bc2cd6c610291b6c502a06237c2c4cd034a15ca78dedc1f",
    "https://deno.land/std@0.209.0/path/windows/_util.ts": "f32b9444554c8863b9b4814025c700492a2b57ff2369d015360970a1b1099d54",
    "https://deno.land/std@0.209.0/path/windows/basename.ts": "8a9dbf7353d50afbc5b221af36c02a72c2d1b2b5b9f7c65bf6a5a2a0baf88ad3",
    "https://deno.land/std@0.209.0/path/windows/from_file_url.ts": "d53335c12b0725893d768be3ac6bf0112cc5b639d2deb0171b35988493b46199",
    "https://deno.land/std@0.209.0/path/windows/join.ts": "e6600bf88edeeef4e2276e155b8de1d5dec0435fd526ba2dc4d37986b2882f16",
    "https://deno.land/std@0.209.0/path/windows/normalize.ts": "9deebbf40c81ef540b7b945d4ccd7a6a2c5a5992f791e6d3377043031e164e69",
    "https://deno.land/std@0.209.0/path/windows/resolve.ts": "5ff441ab18a2346abadf778121128ee71bda4d0898513d4639a6ca04edca366b",
    "https://deno.land/std@0.224.0/assert/assert.ts": "09d30564c09de846855b7b071e62b5974b001bb72a4b797958fe0660e7849834",
    "https://deno.land/std@0.224.0/assert/assertion_error.ts": "ba8752bd27ebc51f723702fac2f54d3e94447598f54264a6653d6413738a8917",
    "https://deno.land/std@0.224.0/async/debounce.ts": "e7bcccb17b6fe34646ac5d37c2a6d3830ca049e7e3534d2aace4001596f42eff",
    "https://deno.land/std@0.224.0/fs/_create_walk_entry.ts": "5d9d2aaec05bcf09a06748b1684224d33eba7a4de24cf4cf5599991ca6b5b412",
    "https://deno.land/std@0.224.0/fs/_to_path_string.ts": "29bfc9c6c112254961d75cbf6ba814d6de5349767818eb93090cecfa9665591e",
    "https://deno.land/std@0.224.0/fs/walk.ts": "cddf87d2705c0163bff5d7767291f05b0f46ba10b8b28f227c3849cace08d303",
    "https://deno.land/std@0.224.0/path/_common/assert_path.ts": "dbdd757a465b690b2cc72fc5fb7698c51507dec6bfafce4ca500c46b76ff7bd8",
    "https://deno.land/std@0.224.0/path/_common/basename.ts": "569744855bc8445f3a56087fd2aed56bdad39da971a8d92b138c9913aecc5fa2",
    "https://deno.land/std@0.224.0/path/_common/constants.ts": "dc5f8057159f4b48cd304eb3027e42f1148cf4df1fb4240774d3492b5d12ac0c",
    "https://deno.land/std@0.224.0/path/_common/from_file_url.ts": "d672bdeebc11bf80e99bf266f886c70963107bdd31134c4e249eef51133ceccf",
    "https://deno.land/std@0.224.0/path/_common/normalize.ts": "684df4aa71a04bbcc346c692c8485594fc8a90b9408dfbc26ff32cf3e0c98cc8",
    "https://deno.land/std@0.224.0/path/_common/normalize_string.ts": "33edef773c2a8e242761f731adeb2bd6d683e9c69e4e3d0092985bede74f4ac3",
    "https://deno.land/std@0.224.0/path/_common/strip_trailing_separators.ts": "7024a93447efcdcfeaa9339a98fa63ef9d53de363f1fbe9858970f1bba02655a",
    "https://deno.land/std@0.224.0/path/_os.ts": "8fb9b90fb6b753bd8c77cfd8a33c2ff6c5f5bc185f50de8ca4ac6a05710b2c15",
    "https://deno.land/std@0.224.0/path/basename.ts": "7ee495c2d1ee516ffff48fb9a93267ba928b5a3486b550be73071bc14f8cc63e",
    "https://deno.land/std@0.224.0/path/from_file_url.ts": "911833ae4fd10a1c84f6271f36151ab785955849117dc48c6e43b929504ee069",
    "https://deno.land/std@0.224.0/path/join.ts": "ae2ec5ca44c7e84a235fd532e4a0116bfb1f2368b394db1c4fb75e3c0f26a33a",
    "https://deno.land/std@0.224.0/path/normalize.ts": "4155743ccceeed319b350c1e62e931600272fad8ad00c417b91df093867a8352",
    "https://deno.land/std@0.224.0/path/posix/_util.ts": "1e3937da30f080bfc99fe45d7ed23c47dd8585c5e473b2d771380d3a6937cf9d",
    "https://deno.land/std@0.224.0/path/posix/basename.ts": "d2fa5fbbb1c5a3ab8b9326458a8d4ceac77580961b3739cd5bfd1d3541a3e5f0",
    "https://deno.land/std@0.224.0/path/posix/from_file_url.ts": "951aee3a2c46fd0ed488899d024c6352b59154c70552e90885ed0c2ab699bc40",
    "https://deno.land/std@0.224.0/path/posix/join.ts": "7fc2cb3716aa1b863e990baf30b101d768db479e70b7313b4866a088db016f63",
    "https://deno.land/std@0.224.0/path/posix/normalize.ts": "baeb49816a8299f90a0237d214cef46f00ba3e95c0d2ceb74205a6a584b58a91",
    "https://deno.land/std@0.224.0/path/windows/_util.ts": "d5f47363e5293fced22c984550d5e70e98e266cc3f31769e1710511803d04808",
    "https://deno.land/std@0.224.0/path/windows/basename.ts": "6bbc57bac9df2cec43288c8c5334919418d784243a00bc10de67d392ab36d660",
    "https://deno.land/std@0.224.0/path/windows/from_file_url.ts": "ced2d587b6dff18f963f269d745c4a599cf82b0c4007356bd957cb4cb52efc01",
    "https://deno.land/std@0.224.0/path/windows/join.ts": "8d03530ab89195185103b7da9dfc6327af13eabdcd44c7c63e42e27808f50ecf",
    "https://deno.land/std@0.224.0/path/windows/normalize.ts": "78126170ab917f0ca355a9af9e65ad6bfa5be14d574c5fb09bb1920f52577780"
  },
  "workspace": {
    "dependencies": [
      "npm:chokidar@^3.5.1",
      "npm:fflate@^0.8.2",
      "npm:minimatch",
      "npm:octagonal-wheels@^0.1.12",
      "npm:pouchdb-adapter-http@^8.0.1",
      "npm:pouchdb-core@^8.0.1",
      "npm:pouchdb-errors@^8.0.1",
      "npm:pouchdb-find@^8.0.1",
      "npm:pouchdb-mapreduce@^8.0.1",
      "npm:pouchdb-merge@^8.0.1",
      "npm:pouchdb-replication@^8.0.1",
      "npm:pouchdb-utils@^8.0.1",
      "npm:transform-pouch@^2.0.0",
      "npm:xxhash-wasm@^1.0.2"
    ]
  }
}
